
Microsoft Visual Studio Solution File, Format Version 12.00
# Visual Studio 14
VisualStudioVersion = 14.0.25420.1
MinimumVisualStudioVersion = 10.0.40219.1
Project("{FAE04EC0-301F-11D3-BF4B-00C04F79EFBC}") = "MarieCurie.Web", "MarieCurie.Web\MarieCurie.Web.csproj", "{D63CC2A7-6CF6-406C-912B-57A2C64DFE5F}"
EndProject
Project("{FAE04EC0-301F-11D3-BF4B-00C04F79EFBC}") = "MarieCurie.Web.Tests", "MarieCurie.Web.Tests\MarieCurie.Web.Tests.csproj", "{091FAB8E-E63E-48C3-98FF-2685AEB5D903}"
EndProject
Project("{FAE04EC0-301F-11D3-BF4B-00C04F79EFBC}") = "MarieCurie.HelperServices.Utilities", "MarieCurie.HelperServices.Utilities\MarieCurie.HelperServices.Utilities.csproj", "{74B2159D-4286-4A8E-AFE3-A4687A4EA33E}"
EndProject
Project("{FAE04EC0-301F-11D3-BF4B-00C04F79EFBC}") = "MarieCurie.WebMvc", "MarieCurie.WebMvc\MarieCurie.WebMvc.csproj", "{2A1ED306-8DD8-4585-97AF-D07AF919D6B8}"
EndProject
Project("{FAE04EC0-301F-11D3-BF4B-00C04F79EFBC}") = "MarieCurie.WebMvc.Tests", "MarieCurie.WebMvc.Tests\MarieCurie.WebMvc.Tests.csproj", "{BBC44E66-4540-4B33-B001-7B37A2265393}"
EndProject
Global
	GlobalSection(SolutionConfigurationPlatforms) = preSolution
		Debug|Any CPU = Debug|Any CPU
		Release|Any CPU = Release|Any CPU
	EndGlobalSection
	GlobalSection(ProjectConfigurationPlatforms) = postSolution
		{D63CC2A7-6CF6-406C-912B-57A2C64DFE5F}.Debug|Any CPU.ActiveCfg = Debug|Any CPU
		{D63CC2A7-6CF6-406C-912B-57A2C64DFE5F}.Debug|Any CPU.Build.0 = Debug|Any CPU
		{D63CC2A7-6CF6-406C-912B-57A2C64DFE5F}.Release|Any CPU.ActiveCfg = Release|Any CPU
		{D63CC2A7-6CF6-406C-912B-57A2C64DFE5F}.Release|Any CPU.Build.0 = Release|Any CPU
		{091FAB8E-E63E-48C3-98FF-2685AEB5D903}.Debug|Any CPU.ActiveCfg = Debug|Any CPU
		{091FAB8E-E63E-48C3-98FF-2685AEB5D903}.Debug|Any CPU.Build.0 = Debug|Any CPU
		{091FAB8E-E63E-48C3-98FF-2685AEB5D903}.Release|Any CPU.ActiveCfg = Release|Any CPU
		{091FAB8E-E63E-48C3-98FF-2685AEB5D903}.Release|Any CPU.Build.0 = Release|Any CPU
		{74B2159D-4286-4A8E-AFE3-A4687A4EA33E}.Debug|Any CPU.ActiveCfg = Debug|Any CPU
		{74B2159D-4286-4A8E-AFE3-A4687A4EA33E}.Debug|Any CPU.Build.0 = Debug|Any CPU
		{74B2159D-4286-4A8E-AFE3-A4687A4EA33E}.Release|Any CPU.ActiveCfg = Release|Any CPU
		{74B2159D-4286-4A8E-AFE3-A4687A4EA33E}.Release|Any CPU.Build.0 = Release|Any CPU
		{2A1ED306-8DD8-4585-97AF-D07AF919D6B8}.Debug|Any CPU.ActiveCfg = Debug|Any CPU
		{2A1ED306-8DD8-4585-97AF-D07AF919D6B8}.Debug|Any CPU.Build.0 = Debug|Any CPU
		{2A1ED306-8DD8-4585-97AF-D07AF919D6B8}.Release|Any CPU.ActiveCfg = Release|Any CPU
		{2A1ED306-8DD8-4585-97AF-D07AF919D6B8}.Release|Any CPU.Build.0 = Release|Any CPU
		{BBC44E66-4540-4B33-B001-7B37A2265393}.Debug|Any CPU.ActiveCfg = Debug|Any CPU
		{BBC44E66-4540-4B33-B001-7B37A2265393}.Debug|Any CPU.Build.0 = Debug|Any CPU
		{BBC44E66-4540-4B33-B001-7B37A2265393}.Release|Any CPU.ActiveCfg = Release|Any CPU
		{BBC44E66-4540-4B33-B001-7B37A2265393}.Release|Any CPU.Build.0 = Release|Any CPU
	EndGlobalSection
	GlobalSection(SolutionProperties) = preSolution
		HideSolutionNode = FALSE
	EndGlobalSection
EndGlobal
